
Microsoft Visual Studio Solution File, Format Version 12.00
# Visual Studio Version 17
VisualStudioVersion = 17.2.32630.192
MinimumVisualStudioVersion = 10.0.40219.1
Project("{FAE04EC0-301F-11D3-BF4B-00C04F79EFBC}") = "exerc2", "exerc2\exerc2.csproj", "{D52EA43C-C596-432D-8113-86938E83FA3A}"
EndProject
Global
	GlobalSection(SolutionConfigurationPlatforms) = preSolution
		Debug|Any CPU = Debug|Any CPU
		Release|Any CPU = Release|Any CPU
	EndGlobalSection
	GlobalSection(ProjectConfigurationPlatforms) = postSolution
		{D52EA43C-C596-432D-8113-86938E83FA3A}.Debug|Any CPU.ActiveCfg = Debug|Any CPU
		{D52EA43C-C596-432D-8113-86938E83FA3A}.Debug|Any CPU.Build.0 = Debug|Any CPU
		{D52EA43C-C596-432D-8113-86938E83FA3A}.Release|Any CPU.ActiveCfg = Release|Any CPU
		{D52EA43C-C596-432D-8113-86938E83FA3A}.Release|Any CPU.Build.0 = Release|Any CPU
	EndGlobalSection
	GlobalSection(SolutionProperties) = preSolution
		HideSolutionNode = FALSE
	EndGlobalSection
	GlobalSection(ExtensibilityGlobals) = postSolution
		SolutionGuid = {EC724393-7B82-410D-ACA5-0E7C5199A421}
	EndGlobalSection
EndGlobal
